
Microsoft Visual Studio Solution File, Format Version 12.00
# Visual Studio Version 16
VisualStudioVersion = 16.0.33529.622
MinimumVisualStudioVersion = 10.0.40219.1
Project("{2150E333-8FDC-42A3-9474-1A3956D46DE8}") = "C++", "C++", "{A97AB5DF-B45A-4184-848F-450C1772E77A}"
EndProject
Project("{2150E333-8FDC-42A3-9474-1A3956D46DE8}") = "CSharp", "CSharp", "{7A6182FE-ED1D-4FAF-AD9D-5E6702D9467A}"
EndProject
Project("{2150E333-8FDC-42A3-9474-1A3956D46DE8}") = "WinForms", "WinForms", "{0CB440C6-2217-45CB-83EA-E4DC019B832A}"
EndProject
Project("{2150E333-8FDC-42A3-9474-1A3956D46DE8}") = "Console", "Console", "{BAE7661E-0F72-4014-A906-5EBAEE8BFD4E}"
EndProject
Project("{2150E333-8FDC-42A3-9474-1A3956D46DE8}") = "Wpf", "Wpf", "{0556CD63-CF4E-4CD6-85F9-95AAEE348764}"
EndProject
Project("{2150E333-8FDC-42A3-9474-1A3956D46DE8}") = "Xamarin", "Xamarin", "{FBEC4460-7330-45F4-A53E-A10B25BCF6EA}"
EndProject
Project("{2150E333-8FDC-42A3-9474-1A3956D46DE8}") = "Game", "Game", "{F06B5F8D-2A24-4FCA-8031-F7FDFB71A385}"
EndProject
Project("{9A19103F-16F7-4668-BE54-9A1E7A4F7556}") = "GamesWpfApp", "GamesWpfApp\GamesWpfApp.csproj", "{B74A1C53-3514-42E4-B492-1E3B58BE7EC6}"
EndProject
Project("{9A19103F-16F7-4668-BE54-9A1E7A4F7556}") = "GameUtils", "GameUtils\GameUtils.csproj", "{589557B9-6E2F-49F8-9B5A-A33BED388BC1}"
EndProject
Project("{9A19103F-16F7-4668-BE54-9A1E7A4F7556}") = "MinesweeperWpfGame", "MinesweeperWpfGame\MinesweeperWpfGame.csproj", "{46F46A43-699C-48A2-85DF-C7C6CC9976A5}"
EndProject
Project("{9A19103F-16F7-4668-BE54-9A1E7A4F7556}") = "TicTacToeWpfGame", "TicTacToeWpfGame\TicTacToeWpfGame.csproj", "{64EF81CB-3AB3-45D4-9040-F45E3A09BEB6}"
EndProject
Project("{9A19103F-16F7-4668-BE54-9A1E7A4F7556}") = "MultiLanguageApp", "MultiLanguageApp\MultiLanguageApp.csproj", "{6B6BADF8-1D85-4781-8959-4095D35C2DFC}"
EndProject
Project("{9A19103F-16F7-4668-BE54-9A1E7A4F7556}") = "PhotoViewerMVVM", "PhotoViewerMVVM\PhotoViewerMVVM.csproj", "{7DE4B350-F705-4A5E-A9A3-C27704B2B3B7}"
EndProject
Project("{9A19103F-16F7-4668-BE54-9A1E7A4F7556}") = "UtilsWPF", "UtilsWPF\UtilsWPF.csproj", "{394A964D-DC2F-47D6-809E-B1703F64FFC1}"
EndProject
Project("{9A19103F-16F7-4668-BE54-9A1E7A4F7556}") = "DrowLineWpfApp", "DrowLineWpfApp\DrowLineWpfApp.csproj", "{215FB5C0-25B8-4F63-872E-6531E13C7E96}"
EndProject
Project("{9A19103F-16F7-4668-BE54-9A1E7A4F7556}") = "MultiKonwersje", "MultiKonwersje\MultiKonwersje.csproj", "{A68D2DF4-04B3-4423-B770-5FB92AA8C36D}"
EndProject
Project("{9A19103F-16F7-4668-BE54-9A1E7A4F7556}") = "PracticalExamApp", "PracticalExamApp\PracticalExamApp.csproj", "{C1E19744-32EB-4F42-BAA2-0DB481F08628}"
EndProject
Project("{9A19103F-16F7-4668-BE54-9A1E7A4F7556}") = "ValidatorApp", "ValidatorApp\ValidatorApp.csproj", "{9F16668F-DC67-4808-A3CA-077DC55C7924}"
EndProject
Global
	GlobalSection(SolutionConfigurationPlatforms) = preSolution
		Debug|Any CPU = Debug|Any CPU
		Release|Any CPU = Release|Any CPU
	EndGlobalSection
	GlobalSection(ProjectConfigurationPlatforms) = postSolution
		{B74A1C53-3514-42E4-B492-1E3B58BE7EC6}.Debug|Any CPU.ActiveCfg = Debug|Any CPU
		{B74A1C53-3514-42E4-B492-1E3B58BE7EC6}.Debug|Any CPU.Build.0 = Debug|Any CPU
		{B74A1C53-3514-42E4-B492-1E3B58BE7EC6}.Release|Any CPU.ActiveCfg = Release|Any CPU
		{B74A1C53-3514-42E4-B492-1E3B58BE7EC6}.Release|Any CPU.Build.0 = Release|Any CPU
		{589557B9-6E2F-49F8-9B5A-A33BED388BC1}.Debug|Any CPU.ActiveCfg = Debug|Any CPU
		{589557B9-6E2F-49F8-9B5A-A33BED388BC1}.Debug|Any CPU.Build.0 = Debug|Any CPU
		{589557B9-6E2F-49F8-9B5A-A33BED388BC1}.Release|Any CPU.ActiveCfg = Release|Any CPU
		{589557B9-6E2F-49F8-9B5A-A33BED388BC1}.Release|Any CPU.Build.0 = Release|Any CPU
		{46F46A43-699C-48A2-85DF-C7C6CC9976A5}.Debug|Any CPU.ActiveCfg = Debug|Any CPU
		{46F46A43-699C-48A2-85DF-C7C6CC9976A5}.Debug|Any CPU.Build.0 = Debug|Any CPU
		{46F46A43-699C-48A2-85DF-C7C6CC9976A5}.Release|Any CPU.ActiveCfg = Release|Any CPU
		{46F46A43-699C-48A2-85DF-C7C6CC9976A5}.Release|Any CPU.Build.0 = Release|Any CPU
		{64EF81CB-3AB3-45D4-9040-F45E3A09BEB6}.Debug|Any CPU.ActiveCfg = Debug|Any CPU
		{64EF81CB-3AB3-45D4-9040-F45E3A09BEB6}.Debug|Any CPU.Build.0 = Debug|Any CPU
		{64EF81CB-3AB3-45D4-9040-F45E3A09BEB6}.Release|Any CPU.ActiveCfg = Release|Any CPU
		{64EF81CB-3AB3-45D4-9040-F45E3A09BEB6}.Release|Any CPU.Build.0 = Release|Any CPU
		{6B6BADF8-1D85-4781-8959-4095D35C2DFC}.Debug|Any CPU.ActiveCfg = Debug|Any CPU
		{6B6BADF8-1D85-4781-8959-4095D35C2DFC}.Debug|Any CPU.Build.0 = Debug|Any CPU
		{6B6BADF8-1D85-4781-8959-4095D35C2DFC}.Release|Any CPU.ActiveCfg = Release|Any CPU
		{6B6BADF8-1D85-4781-8959-4095D35C2DFC}.Release|Any CPU.Build.0 = Release|Any CPU
		{7DE4B350-F705-4A5E-A9A3-C27704B2B3B7}.Debug|Any CPU.ActiveCfg = Debug|Any CPU
		{7DE4B350-F705-4A5E-A9A3-C27704B2B3B7}.Debug|Any CPU.Build.0 = Debug|Any CPU
		{7DE4B350-F705-4A5E-A9A3-C27704B2B3B7}.Release|Any CPU.ActiveCfg = Release|Any CPU
		{7DE4B350-F705-4A5E-A9A3-C27704B2B3B7}.Release|Any CPU.Build.0 = Release|Any CPU
		{394A964D-DC2F-47D6-809E-B1703F64FFC1}.Debug|Any CPU.ActiveCfg = Debug|Any CPU
		{394A964D-DC2F-47D6-809E-B1703F64FFC1}.Debug|Any CPU.Build.0 = Debug|Any CPU
		{394A964D-DC2F-47D6-809E-B1703F64FFC1}.Release|Any CPU.ActiveCfg = Release|Any CPU
		{394A964D-DC2F-47D6-809E-B1703F64FFC1}.Release|Any CPU.Build.0 = Release|Any CPU
		{215FB5C0-25B8-4F63-872E-6531E13C7E96}.Debug|Any CPU.ActiveCfg = Debug|Any CPU
		{215FB5C0-25B8-4F63-872E-6531E13C7E96}.Debug|Any CPU.Build.0 = Debug|Any CPU
		{215FB5C0-25B8-4F63-872E-6531E13C7E96}.Release|Any CPU.ActiveCfg = Release|Any CPU
		{215FB5C0-25B8-4F63-872E-6531E13C7E96}.Release|Any CPU.Build.0 = Release|Any CPU
		{A68D2DF4-04B3-4423-B770-5FB92AA8C36D}.Debug|Any CPU.ActiveCfg = Debug|Any CPU
		{A68D2DF4-04B3-4423-B770-5FB92AA8C36D}.Debug|Any CPU.Build.0 = Debug|Any CPU
		{A68D2DF4-04B3-4423-B770-5FB92AA8C36D}.Release|Any CPU.ActiveCfg = Release|Any CPU
		{A68D2DF4-04B3-4423-B770-5FB92AA8C36D}.Release|Any CPU.Build.0 = Release|Any CPU
		{C1E19744-32EB-4F42-BAA2-0DB481F08628}.Debug|Any CPU.ActiveCfg = Debug|Any CPU
		{C1E19744-32EB-4F42-BAA2-0DB481F08628}.Debug|Any CPU.Build.0 = Debug|Any CPU
		{C1E19744-32EB-4F42-BAA2-0DB481F08628}.Release|Any CPU.ActiveCfg = Release|Any CPU
		{C1E19744-32EB-4F42-BAA2-0DB481F08628}.Release|Any CPU.Build.0 = Release|Any CPU
		{9F16668F-DC67-4808-A3CA-077DC55C7924}.Debug|Any CPU.ActiveCfg = Debug|Any CPU
		{9F16668F-DC67-4808-A3CA-077DC55C7924}.Debug|Any CPU.Build.0 = Debug|Any CPU
		{9F16668F-DC67-4808-A3CA-077DC55C7924}.Release|Any CPU.ActiveCfg = Release|Any CPU
		{9F16668F-DC67-4808-A3CA-077DC55C7924}.Release|Any CPU.Build.0 = Release|Any CPU
	EndGlobalSection
	GlobalSection(SolutionProperties) = preSolution
		HideSolutionNode = FALSE
	EndGlobalSection
	GlobalSection(NestedProjects) = preSolution
		{0CB440C6-2217-45CB-83EA-E4DC019B832A} = {7A6182FE-ED1D-4FAF-AD9D-5E6702D9467A}
		{BAE7661E-0F72-4014-A906-5EBAEE8BFD4E} = {7A6182FE-ED1D-4FAF-AD9D-5E6702D9467A}
		{0556CD63-CF4E-4CD6-85F9-95AAEE348764} = {7A6182FE-ED1D-4FAF-AD9D-5E6702D9467A}
		{FBEC4460-7330-45F4-A53E-A10B25BCF6EA} = {7A6182FE-ED1D-4FAF-AD9D-5E6702D9467A}
		{F06B5F8D-2A24-4FCA-8031-F7FDFB71A385} = {0556CD63-CF4E-4CD6-85F9-95AAEE348764}
		{B74A1C53-3514-42E4-B492-1E3B58BE7EC6} = {F06B5F8D-2A24-4FCA-8031-F7FDFB71A385}
		{589557B9-6E2F-49F8-9B5A-A33BED388BC1} = {F06B5F8D-2A24-4FCA-8031-F7FDFB71A385}
		{46F46A43-699C-48A2-85DF-C7C6CC9976A5} = {F06B5F8D-2A24-4FCA-8031-F7FDFB71A385}
		{64EF81CB-3AB3-45D4-9040-F45E3A09BEB6} = {F06B5F8D-2A24-4FCA-8031-F7FDFB71A385}
		{6B6BADF8-1D85-4781-8959-4095D35C2DFC} = {0556CD63-CF4E-4CD6-85F9-95AAEE348764}
		{7DE4B350-F705-4A5E-A9A3-C27704B2B3B7} = {0556CD63-CF4E-4CD6-85F9-95AAEE348764}
		{394A964D-DC2F-47D6-809E-B1703F64FFC1} = {0556CD63-CF4E-4CD6-85F9-95AAEE348764}
		{215FB5C0-25B8-4F63-872E-6531E13C7E96} = {0556CD63-CF4E-4CD6-85F9-95AAEE348764}
		{A68D2DF4-04B3-4423-B770-5FB92AA8C36D} = {0556CD63-CF4E-4CD6-85F9-95AAEE348764}
		{C1E19744-32EB-4F42-BAA2-0DB481F08628} = {0556CD63-CF4E-4CD6-85F9-95AAEE348764}
		{9F16668F-DC67-4808-A3CA-077DC55C7924} = {0556CD63-CF4E-4CD6-85F9-95AAEE348764}
	EndGlobalSection
	GlobalSection(ExtensibilityGlobals) = postSolution
		SolutionGuid = {8EBB06FF-53DB-4F08-9DE3-353E75D845FA}
	EndGlobalSection
EndGlobal
