
Microsoft Visual Studio Solution File, Format Version 12.00
# Visual Studio Version 16
VisualStudioVersion = 16.0.33529.622
MinimumVisualStudioVersion = 10.0.40219.1
Project("{2150E333-8FDC-42A3-9474-1A3956D46DE8}") = "C++", "C++", "{A97AB5DF-B45A-4184-848F-450C1772E77A}"
EndProject
Project("{2150E333-8FDC-42A3-9474-1A3956D46DE8}") = "CSharp", "CSharp", "{7A6182FE-ED1D-4FAF-AD9D-5E6702D9467A}"
EndProject
Project("{2150E333-8FDC-42A3-9474-1A3956D46DE8}") = "WinForms", "WinForms", "{0CB440C6-2217-45CB-83EA-E4DC019B832A}"
EndProject
Project("{2150E333-8FDC-42A3-9474-1A3956D46DE8}") = "Console", "Console", "{BAE7661E-0F72-4014-A906-5EBAEE8BFD4E}"
EndProject
Project("{2150E333-8FDC-42A3-9474-1A3956D46DE8}") = "Wpf", "Wpf", "{0556CD63-CF4E-4CD6-85F9-95AAEE348764}"
EndProject
Project("{2150E333-8FDC-42A3-9474-1A3956D46DE8}") = "Xamarin", "Xamarin", "{FBEC4460-7330-45F4-A53E-A10B25BCF6EA}"
EndProject
Project("{2150E333-8FDC-42A3-9474-1A3956D46DE8}") = "Game", "Game", "{F06B5F8D-2A24-4FCA-8031-F7FDFB71A385}"
EndProject
Project("{9A19103F-16F7-4668-BE54-9A1E7A4F7556}") = "GamesWpfApp", "GamesWpfApp\GamesWpfApp.csproj", "{B74A1C53-3514-42E4-B492-1E3B58BE7EC6}"
EndProject
Project("{9A19103F-16F7-4668-BE54-9A1E7A4F7556}") = "GameUtils", "GameUtils\GameUtils.csproj", "{589557B9-6E2F-49F8-9B5A-A33BED388BC1}"
EndProject
Project("{9A19103F-16F7-4668-BE54-9A1E7A4F7556}") = "MinesweeperWpfGame", "MinesweeperWpfGame\MinesweeperWpfGame.csproj", "{46F46A43-699C-48A2-85DF-C7C6CC9976A5}"
EndProject
Project("{9A19103F-16F7-4668-BE54-9A1E7A4F7556}") = "TicTacToeWpfGame", "TicTacToeWpfGame\TicTacToeWpfGame.csproj", "{64EF81CB-3AB3-45D4-9040-F45E3A09BEB6}"
EndProject
Project("{9A19103F-16F7-4668-BE54-9A1E7A4F7556}") = "MultiLanguageApp", "MultiLanguageApp\MultiLanguageApp.csproj", "{6B6BADF8-1D85-4781-8959-4095D35C2DFC}"
EndProject
Project("{9A19103F-16F7-4668-BE54-9A1E7A4F7556}") = "PhotoViewerMVVM", "PhotoViewerMVVM\PhotoViewerMVVM.csproj", "{7DE4B350-F705-4A5E-A9A3-C27704B2B3B7}"
EndProject
Project("{9A19103F-16F7-4668-BE54-9A1E7A4F7556}") = "UtilsWPF", "UtilsWPF\UtilsWPF.csproj", "{394A964D-DC2F-47D6-809E-B1703F64FFC1}"
EndProject
Project("{9A19103F-16F7-4668-BE54-9A1E7A4F7556}") = "DrowLineWpfApp", "DrowLineWpfApp\DrowLineWpfApp.csproj", "{215FB5C0-25B8-4F63-872E-6531E13C7E96}"
EndProject
Project("{9A19103F-16F7-4668-BE54-9A1E7A4F7556}") = "MultiKonwersje", "MultiKonwersje\MultiKonwersje.csproj", "{A68D2DF4-04B3-4423-B770-5FB92AA8C36D}"
EndProject
Project("{9A19103F-16F7-4668-BE54-9A1E7A4F7556}") = "PracticalExamApp", "PracticalExamApp\PracticalExamApp.csproj", "{C1E19744-32EB-4F42-BAA2-0DB481F08628}"
EndProject
Project("{9A19103F-16F7-4668-BE54-9A1E7A4F7556}") = "ValidatorApp", "ValidatorApp\ValidatorApp.csproj", "{9F16668F-DC67-4808-A3CA-077DC55C7924}"
EndProject
Project("{2150E333-8FDC-42A3-9474-1A3956D46DE8}") = "1. Databinding", "1. Databinding", "{7F6B550B-020C-4797-84D1-B06A5AE43BEF}"
EndProject
Project("{2150E333-8FDC-42A3-9474-1A3956D46DE8}") = "2. Navigation Page", "2. Navigation Page", "{02AE6C28-FF6A-4F30-B3FE-0F947A964F59}"
EndProject
Project("{2150E333-8FDC-42A3-9474-1A3956D46DE8}") = "3. Tabbed Page", "3. Tabbed Page", "{7E2BA7AF-5CE3-4C70-8111-21FC1D6F30A9}"
EndProject
Project("{2150E333-8FDC-42A3-9474-1A3956D46DE8}") = "4. Carousel Page", "4. Carousel Page", "{C5FB6958-1A79-414F-8F5E-6F1756A838BB}"
EndProject
Project("{2150E333-8FDC-42A3-9474-1A3956D46DE8}") = "5. Flyout Page", "5. Flyout Page", "{05BD9DAA-6BA4-4840-96CA-C0B0EDC69B7A}"
EndProject
Project("{2150E333-8FDC-42A3-9474-1A3956D46DE8}") = "6. Shell", "6. Shell", "{F43373A1-EA48-448B-A45A-84ACFACDB533}"
EndProject
Project("{9A19103F-16F7-4668-BE54-9A1E7A4F7556}") = "DataBindingMobileApp", "DataBindingMobileApp\DataBindingMobileApp\DataBindingMobileApp.csproj", "{5C48BBA1-895A-4866-8DB9-C7EEDE3EF2CA}"
EndProject
Project("{FAE04EC0-301F-11D3-BF4B-00C04F79EFBC}") = "DataBindingMobileApp.Android", "DataBindingMobileApp\DataBindingMobileApp.Android\DataBindingMobileApp.Android.csproj", "{DB341B75-6AFB-4E94-8452-D3DC7ED4A58F}"
EndProject
Project("{FAE04EC0-301F-11D3-BF4B-00C04F79EFBC}") = "DataBindingMobileApp.iOS", "DataBindingMobileApp\DataBindingMobileApp.iOS\DataBindingMobileApp.iOS.csproj", "{B6F60AAC-BBCB-4ECC-8FEC-20340331414A}"
EndProject
Project("{9A19103F-16F7-4668-BE54-9A1E7A4F7556}") = "NavigationPageApp", "NavigationPageApp\NavigationPageApp\NavigationPageApp.csproj", "{29893DF8-E009-4F5A-A1F7-2451C67B08AD}"
EndProject
Project("{FAE04EC0-301F-11D3-BF4B-00C04F79EFBC}") = "NavigationPageApp.Android", "NavigationPageApp\NavigationPageApp.Android\NavigationPageApp.Android.csproj", "{7E276F69-26D6-48CB-AC92-E6C64AB2B47C}"
EndProject
Project("{FAE04EC0-301F-11D3-BF4B-00C04F79EFBC}") = "NavigationPageApp.iOS", "NavigationPageApp\NavigationPageApp.iOS\NavigationPageApp.iOS.csproj", "{B87115F3-B787-46B7-8D7D-C262B784999D}"
EndProject
Project("{9A19103F-16F7-4668-BE54-9A1E7A4F7556}") = "TabbedPageApp", "TabbedPageApp\TabbedPageApp\TabbedPageApp.csproj", "{1FC5A3B7-09E9-4FE2-AB98-121C6C3BFDC6}"
EndProject
Project("{FAE04EC0-301F-11D3-BF4B-00C04F79EFBC}") = "TabbedPageApp.Android", "TabbedPageApp\TabbedPageApp.Android\TabbedPageApp.Android.csproj", "{39175C43-8D38-4DB0-AB05-23D911E6AD63}"
EndProject
Project("{FAE04EC0-301F-11D3-BF4B-00C04F79EFBC}") = "TabbedPageApp.iOS", "TabbedPageApp\TabbedPageApp.iOS\TabbedPageApp.iOS.csproj", "{7804B4F1-0D8D-42E1-872A-BB766C7D1C2B}"
EndProject
Project("{9A19103F-16F7-4668-BE54-9A1E7A4F7556}") = "CarouselPageApp", "CarouselPageApp\CarouselPageApp\CarouselPageApp.csproj", "{9EC300CE-8A6A-499B-A1F4-39BD5D6D51C3}"
EndProject
Project("{FAE04EC0-301F-11D3-BF4B-00C04F79EFBC}") = "CarouselPageApp.Android", "CarouselPageApp\CarouselPageApp.Android\CarouselPageApp.Android.csproj", "{86D93CEE-6BF7-45E7-9173-259D28EF82B4}"
EndProject
Project("{FAE04EC0-301F-11D3-BF4B-00C04F79EFBC}") = "CarouselPageApp.iOS", "CarouselPageApp\CarouselPageApp.iOS\CarouselPageApp.iOS.csproj", "{B1EEC7CD-5DC2-4DF3-8C50-22E24135D9EC}"
EndProject
Project("{9A19103F-16F7-4668-BE54-9A1E7A4F7556}") = "FlyoutPageApp", "FlyoutPageApp\FlyoutPageApp\FlyoutPageApp.csproj", "{431D0EE6-E6BF-4C83-ABE9-1E5C9C7A8071}"
EndProject
Project("{FAE04EC0-301F-11D3-BF4B-00C04F79EFBC}") = "FlyoutPageApp.Android", "FlyoutPageApp\FlyoutPageApp.Android\FlyoutPageApp.Android.csproj", "{C2D9384C-A7C5-476D-A49F-DF4053EE6BAF}"
EndProject
Project("{FAE04EC0-301F-11D3-BF4B-00C04F79EFBC}") = "FlyoutPageApp.iOS", "FlyoutPageApp\FlyoutPageApp.iOS\FlyoutPageApp.iOS.csproj", "{51451B0A-D480-46F2-9040-A316E7BF5FEC}"
EndProject
Project("{9A19103F-16F7-4668-BE54-9A1E7A4F7556}") = "ShellPageApp", "ShellPageApp\ShellPageApp\ShellPageApp.csproj", "{98693CE2-77FF-406B-8FB2-B2D04F32FA2A}"
EndProject
Project("{FAE04EC0-301F-11D3-BF4B-00C04F79EFBC}") = "ShellPageApp.Android", "ShellPageApp\ShellPageApp.Android\ShellPageApp.Android.csproj", "{2076D6FC-57C7-4F97-865F-FF5708B14797}"
EndProject
Project("{FAE04EC0-301F-11D3-BF4B-00C04F79EFBC}") = "ShellPageApp.iOS", "ShellPageApp\ShellPageApp.iOS\ShellPageApp.iOS.csproj", "{8765A5F8-14B8-4E20-ADBC-16F49CD36425}"
EndProject
Project("{2150E333-8FDC-42A3-9474-1A3956D46DE8}") = "Camera", "Camera", "{9D0CA914-1FBD-4DEE-B88C-D0A74524678F}"
EndProject
Project("{9A19103F-16F7-4668-BE54-9A1E7A4F7556}") = "CameraApp", "CameraApp\CameraApp\CameraApp.csproj", "{1F765BEF-0570-4F92-9EA9-3B07FFCD1957}"
EndProject
Project("{FAE04EC0-301F-11D3-BF4B-00C04F79EFBC}") = "CameraApp.Android", "CameraApp\CameraApp.Android\CameraApp.Android.csproj", "{DE635699-8B4A-481B-A7D5-9154D56CA5D2}"
EndProject
Project("{FAE04EC0-301F-11D3-BF4B-00C04F79EFBC}") = "CameraApp.iOS", "CameraApp\CameraApp.iOS\CameraApp.iOS.csproj", "{E0977CE2-3948-4F74-B9AA-DBF2FA573D55}"
EndProject
Project("{9A19103F-16F7-4668-BE54-9A1E7A4F7556}") = "Przelicznik", "Przelicznik\Przelicznik.csproj", "{053B09C3-D005-4F26-9CA0-EA1F7884F38B}"
EndProject
Project("{9A19103F-16F7-4668-BE54-9A1E7A4F7556}") = "CalculatorWPF", "CalculatorWPF\CalculatorWPF.csproj", "{0873FC18-8F56-4B7D-8A60-165D7B613795}"
EndProject
Global
	GlobalSection(SolutionConfigurationPlatforms) = preSolution
		Debug|Any CPU = Debug|Any CPU
		Debug|iPhone = Debug|iPhone
		Debug|iPhoneSimulator = Debug|iPhoneSimulator
		Release|Any CPU = Release|Any CPU
		Release|iPhone = Release|iPhone
		Release|iPhoneSimulator = Release|iPhoneSimulator
	EndGlobalSection
	GlobalSection(ProjectConfigurationPlatforms) = postSolution
		{B74A1C53-3514-42E4-B492-1E3B58BE7EC6}.Debug|Any CPU.ActiveCfg = Debug|Any CPU
		{B74A1C53-3514-42E4-B492-1E3B58BE7EC6}.Debug|Any CPU.Build.0 = Debug|Any CPU
		{B74A1C53-3514-42E4-B492-1E3B58BE7EC6}.Debug|iPhone.ActiveCfg = Debug|Any CPU
		{B74A1C53-3514-42E4-B492-1E3B58BE7EC6}.Debug|iPhone.Build.0 = Debug|Any CPU
		{B74A1C53-3514-42E4-B492-1E3B58BE7EC6}.Debug|iPhoneSimulator.ActiveCfg = Debug|Any CPU
		{B74A1C53-3514-42E4-B492-1E3B58BE7EC6}.Debug|iPhoneSimulator.Build.0 = Debug|Any CPU
		{B74A1C53-3514-42E4-B492-1E3B58BE7EC6}.Release|Any CPU.ActiveCfg = Release|Any CPU
		{B74A1C53-3514-42E4-B492-1E3B58BE7EC6}.Release|Any CPU.Build.0 = Release|Any CPU
		{B74A1C53-3514-42E4-B492-1E3B58BE7EC6}.Release|iPhone.ActiveCfg = Release|Any CPU
		{B74A1C53-3514-42E4-B492-1E3B58BE7EC6}.Release|iPhone.Build.0 = Release|Any CPU
		{B74A1C53-3514-42E4-B492-1E3B58BE7EC6}.Release|iPhoneSimulator.ActiveCfg = Release|Any CPU
		{B74A1C53-3514-42E4-B492-1E3B58BE7EC6}.Release|iPhoneSimulator.Build.0 = Release|Any CPU
		{589557B9-6E2F-49F8-9B5A-A33BED388BC1}.Debug|Any CPU.ActiveCfg = Debug|Any CPU
		{589557B9-6E2F-49F8-9B5A-A33BED388BC1}.Debug|Any CPU.Build.0 = Debug|Any CPU
		{589557B9-6E2F-49F8-9B5A-A33BED388BC1}.Debug|iPhone.ActiveCfg = Debug|Any CPU
		{589557B9-6E2F-49F8-9B5A-A33BED388BC1}.Debug|iPhone.Build.0 = Debug|Any CPU
		{589557B9-6E2F-49F8-9B5A-A33BED388BC1}.Debug|iPhoneSimulator.ActiveCfg = Debug|Any CPU
		{589557B9-6E2F-49F8-9B5A-A33BED388BC1}.Debug|iPhoneSimulator.Build.0 = Debug|Any CPU
		{589557B9-6E2F-49F8-9B5A-A33BED388BC1}.Release|Any CPU.ActiveCfg = Release|Any CPU
		{589557B9-6E2F-49F8-9B5A-A33BED388BC1}.Release|Any CPU.Build.0 = Release|Any CPU
		{589557B9-6E2F-49F8-9B5A-A33BED388BC1}.Release|iPhone.ActiveCfg = Release|Any CPU
		{589557B9-6E2F-49F8-9B5A-A33BED388BC1}.Release|iPhone.Build.0 = Release|Any CPU
		{589557B9-6E2F-49F8-9B5A-A33BED388BC1}.Release|iPhoneSimulator.ActiveCfg = Release|Any CPU
		{589557B9-6E2F-49F8-9B5A-A33BED388BC1}.Release|iPhoneSimulator.Build.0 = Release|Any CPU
		{46F46A43-699C-48A2-85DF-C7C6CC9976A5}.Debug|Any CPU.ActiveCfg = Debug|Any CPU
		{46F46A43-699C-48A2-85DF-C7C6CC9976A5}.Debug|Any CPU.Build.0 = Debug|Any CPU
		{46F46A43-699C-48A2-85DF-C7C6CC9976A5}.Debug|iPhone.ActiveCfg = Debug|Any CPU
		{46F46A43-699C-48A2-85DF-C7C6CC9976A5}.Debug|iPhone.Build.0 = Debug|Any CPU
		{46F46A43-699C-48A2-85DF-C7C6CC9976A5}.Debug|iPhoneSimulator.ActiveCfg = Debug|Any CPU
		{46F46A43-699C-48A2-85DF-C7C6CC9976A5}.Debug|iPhoneSimulator.Build.0 = Debug|Any CPU
		{46F46A43-699C-48A2-85DF-C7C6CC9976A5}.Release|Any CPU.ActiveCfg = Release|Any CPU
		{46F46A43-699C-48A2-85DF-C7C6CC9976A5}.Release|Any CPU.Build.0 = Release|Any CPU
		{46F46A43-699C-48A2-85DF-C7C6CC9976A5}.Release|iPhone.ActiveCfg = Release|Any CPU
		{46F46A43-699C-48A2-85DF-C7C6CC9976A5}.Release|iPhone.Build.0 = Release|Any CPU
		{46F46A43-699C-48A2-85DF-C7C6CC9976A5}.Release|iPhoneSimulator.ActiveCfg = Release|Any CPU
		{46F46A43-699C-48A2-85DF-C7C6CC9976A5}.Release|iPhoneSimulator.Build.0 = Release|Any CPU
		{64EF81CB-3AB3-45D4-9040-F45E3A09BEB6}.Debug|Any CPU.ActiveCfg = Debug|Any CPU
		{64EF81CB-3AB3-45D4-9040-F45E3A09BEB6}.Debug|Any CPU.Build.0 = Debug|Any CPU
		{64EF81CB-3AB3-45D4-9040-F45E3A09BEB6}.Debug|iPhone.ActiveCfg = Debug|Any CPU
		{64EF81CB-3AB3-45D4-9040-F45E3A09BEB6}.Debug|iPhone.Build.0 = Debug|Any CPU
		{64EF81CB-3AB3-45D4-9040-F45E3A09BEB6}.Debug|iPhoneSimulator.ActiveCfg = Debug|Any CPU
		{64EF81CB-3AB3-45D4-9040-F45E3A09BEB6}.Debug|iPhoneSimulator.Build.0 = Debug|Any CPU
		{64EF81CB-3AB3-45D4-9040-F45E3A09BEB6}.Release|Any CPU.ActiveCfg = Release|Any CPU
		{64EF81CB-3AB3-45D4-9040-F45E3A09BEB6}.Release|Any CPU.Build.0 = Release|Any CPU
		{64EF81CB-3AB3-45D4-9040-F45E3A09BEB6}.Release|iPhone.ActiveCfg = Release|Any CPU
		{64EF81CB-3AB3-45D4-9040-F45E3A09BEB6}.Release|iPhone.Build.0 = Release|Any CPU
		{64EF81CB-3AB3-45D4-9040-F45E3A09BEB6}.Release|iPhoneSimulator.ActiveCfg = Release|Any CPU
		{64EF81CB-3AB3-45D4-9040-F45E3A09BEB6}.Release|iPhoneSimulator.Build.0 = Release|Any CPU
		{6B6BADF8-1D85-4781-8959-4095D35C2DFC}.Debug|Any CPU.ActiveCfg = Debug|Any CPU
		{6B6BADF8-1D85-4781-8959-4095D35C2DFC}.Debug|Any CPU.Build.0 = Debug|Any CPU
		{6B6BADF8-1D85-4781-8959-4095D35C2DFC}.Debug|iPhone.ActiveCfg = Debug|Any CPU
		{6B6BADF8-1D85-4781-8959-4095D35C2DFC}.Debug|iPhone.Build.0 = Debug|Any CPU
		{6B6BADF8-1D85-4781-8959-4095D35C2DFC}.Debug|iPhoneSimulator.ActiveCfg = Debug|Any CPU
		{6B6BADF8-1D85-4781-8959-4095D35C2DFC}.Debug|iPhoneSimulator.Build.0 = Debug|Any CPU
		{6B6BADF8-1D85-4781-8959-4095D35C2DFC}.Release|Any CPU.ActiveCfg = Release|Any CPU
		{6B6BADF8-1D85-4781-8959-4095D35C2DFC}.Release|Any CPU.Build.0 = Release|Any CPU
		{6B6BADF8-1D85-4781-8959-4095D35C2DFC}.Release|iPhone.ActiveCfg = Release|Any CPU
		{6B6BADF8-1D85-4781-8959-4095D35C2DFC}.Release|iPhone.Build.0 = Release|Any CPU
		{6B6BADF8-1D85-4781-8959-4095D35C2DFC}.Release|iPhoneSimulator.ActiveCfg = Release|Any CPU
		{6B6BADF8-1D85-4781-8959-4095D35C2DFC}.Release|iPhoneSimulator.Build.0 = Release|Any CPU
		{7DE4B350-F705-4A5E-A9A3-C27704B2B3B7}.Debug|Any CPU.ActiveCfg = Debug|Any CPU
		{7DE4B350-F705-4A5E-A9A3-C27704B2B3B7}.Debug|Any CPU.Build.0 = Debug|Any CPU
		{7DE4B350-F705-4A5E-A9A3-C27704B2B3B7}.Debug|iPhone.ActiveCfg = Debug|Any CPU
		{7DE4B350-F705-4A5E-A9A3-C27704B2B3B7}.Debug|iPhone.Build.0 = Debug|Any CPU
		{7DE4B350-F705-4A5E-A9A3-C27704B2B3B7}.Debug|iPhoneSimulator.ActiveCfg = Debug|Any CPU
		{7DE4B350-F705-4A5E-A9A3-C27704B2B3B7}.Debug|iPhoneSimulator.Build.0 = Debug|Any CPU
		{7DE4B350-F705-4A5E-A9A3-C27704B2B3B7}.Release|Any CPU.ActiveCfg = Release|Any CPU
		{7DE4B350-F705-4A5E-A9A3-C27704B2B3B7}.Release|Any CPU.Build.0 = Release|Any CPU
		{7DE4B350-F705-4A5E-A9A3-C27704B2B3B7}.Release|iPhone.ActiveCfg = Release|Any CPU
		{7DE4B350-F705-4A5E-A9A3-C27704B2B3B7}.Release|iPhone.Build.0 = Release|Any CPU
		{7DE4B350-F705-4A5E-A9A3-C27704B2B3B7}.Release|iPhoneSimulator.ActiveCfg = Release|Any CPU
		{7DE4B350-F705-4A5E-A9A3-C27704B2B3B7}.Release|iPhoneSimulator.Build.0 = Release|Any CPU
		{394A964D-DC2F-47D6-809E-B1703F64FFC1}.Debug|Any CPU.ActiveCfg = Debug|Any CPU
		{394A964D-DC2F-47D6-809E-B1703F64FFC1}.Debug|Any CPU.Build.0 = Debug|Any CPU
		{394A964D-DC2F-47D6-809E-B1703F64FFC1}.Debug|iPhone.ActiveCfg = Debug|Any CPU
		{394A964D-DC2F-47D6-809E-B1703F64FFC1}.Debug|iPhone.Build.0 = Debug|Any CPU
		{394A964D-DC2F-47D6-809E-B1703F64FFC1}.Debug|iPhoneSimulator.ActiveCfg = Debug|Any CPU
		{394A964D-DC2F-47D6-809E-B1703F64FFC1}.Debug|iPhoneSimulator.Build.0 = Debug|Any CPU
		{394A964D-DC2F-47D6-809E-B1703F64FFC1}.Release|Any CPU.ActiveCfg = Release|Any CPU
		{394A964D-DC2F-47D6-809E-B1703F64FFC1}.Release|Any CPU.Build.0 = Release|Any CPU
		{394A964D-DC2F-47D6-809E-B1703F64FFC1}.Release|iPhone.ActiveCfg = Release|Any CPU
		{394A964D-DC2F-47D6-809E-B1703F64FFC1}.Release|iPhone.Build.0 = Release|Any CPU
		{394A964D-DC2F-47D6-809E-B1703F64FFC1}.Release|iPhoneSimulator.ActiveCfg = Release|Any CPU
		{394A964D-DC2F-47D6-809E-B1703F64FFC1}.Release|iPhoneSimulator.Build.0 = Release|Any CPU
		{215FB5C0-25B8-4F63-872E-6531E13C7E96}.Debug|Any CPU.ActiveCfg = Debug|Any CPU
		{215FB5C0-25B8-4F63-872E-6531E13C7E96}.Debug|Any CPU.Build.0 = Debug|Any CPU
		{215FB5C0-25B8-4F63-872E-6531E13C7E96}.Debug|iPhone.ActiveCfg = Debug|Any CPU
		{215FB5C0-25B8-4F63-872E-6531E13C7E96}.Debug|iPhone.Build.0 = Debug|Any CPU
		{215FB5C0-25B8-4F63-872E-6531E13C7E96}.Debug|iPhoneSimulator.ActiveCfg = Debug|Any CPU
		{215FB5C0-25B8-4F63-872E-6531E13C7E96}.Debug|iPhoneSimulator.Build.0 = Debug|Any CPU
		{215FB5C0-25B8-4F63-872E-6531E13C7E96}.Release|Any CPU.ActiveCfg = Release|Any CPU
		{215FB5C0-25B8-4F63-872E-6531E13C7E96}.Release|Any CPU.Build.0 = Release|Any CPU
		{215FB5C0-25B8-4F63-872E-6531E13C7E96}.Release|iPhone.ActiveCfg = Release|Any CPU
		{215FB5C0-25B8-4F63-872E-6531E13C7E96}.Release|iPhone.Build.0 = Release|Any CPU
		{215FB5C0-25B8-4F63-872E-6531E13C7E96}.Release|iPhoneSimulator.ActiveCfg = Release|Any CPU
		{215FB5C0-25B8-4F63-872E-6531E13C7E96}.Release|iPhoneSimulator.Build.0 = Release|Any CPU
		{A68D2DF4-04B3-4423-B770-5FB92AA8C36D}.Debug|Any CPU.ActiveCfg = Debug|Any CPU
		{A68D2DF4-04B3-4423-B770-5FB92AA8C36D}.Debug|Any CPU.Build.0 = Debug|Any CPU
		{A68D2DF4-04B3-4423-B770-5FB92AA8C36D}.Debug|iPhone.ActiveCfg = Debug|Any CPU
		{A68D2DF4-04B3-4423-B770-5FB92AA8C36D}.Debug|iPhone.Build.0 = Debug|Any CPU
		{A68D2DF4-04B3-4423-B770-5FB92AA8C36D}.Debug|iPhoneSimulator.ActiveCfg = Debug|Any CPU
		{A68D2DF4-04B3-4423-B770-5FB92AA8C36D}.Debug|iPhoneSimulator.Build.0 = Debug|Any CPU
		{A68D2DF4-04B3-4423-B770-5FB92AA8C36D}.Release|Any CPU.ActiveCfg = Release|Any CPU
		{A68D2DF4-04B3-4423-B770-5FB92AA8C36D}.Release|Any CPU.Build.0 = Release|Any CPU
		{A68D2DF4-04B3-4423-B770-5FB92AA8C36D}.Release|iPhone.ActiveCfg = Release|Any CPU
		{A68D2DF4-04B3-4423-B770-5FB92AA8C36D}.Release|iPhone.Build.0 = Release|Any CPU
		{A68D2DF4-04B3-4423-B770-5FB92AA8C36D}.Release|iPhoneSimulator.ActiveCfg = Release|Any CPU
		{A68D2DF4-04B3-4423-B770-5FB92AA8C36D}.Release|iPhoneSimulator.Build.0 = Release|Any CPU
		{C1E19744-32EB-4F42-BAA2-0DB481F08628}.Debug|Any CPU.ActiveCfg = Debug|Any CPU
		{C1E19744-32EB-4F42-BAA2-0DB481F08628}.Debug|Any CPU.Build.0 = Debug|Any CPU
		{C1E19744-32EB-4F42-BAA2-0DB481F08628}.Debug|iPhone.ActiveCfg = Debug|Any CPU
		{C1E19744-32EB-4F42-BAA2-0DB481F08628}.Debug|iPhone.Build.0 = Debug|Any CPU
		{C1E19744-32EB-4F42-BAA2-0DB481F08628}.Debug|iPhoneSimulator.ActiveCfg = Debug|Any CPU
		{C1E19744-32EB-4F42-BAA2-0DB481F08628}.Debug|iPhoneSimulator.Build.0 = Debug|Any CPU
		{C1E19744-32EB-4F42-BAA2-0DB481F08628}.Release|Any CPU.ActiveCfg = Release|Any CPU
		{C1E19744-32EB-4F42-BAA2-0DB481F08628}.Release|Any CPU.Build.0 = Release|Any CPU
		{C1E19744-32EB-4F42-BAA2-0DB481F08628}.Release|iPhone.ActiveCfg = Release|Any CPU
		{C1E19744-32EB-4F42-BAA2-0DB481F08628}.Release|iPhone.Build.0 = Release|Any CPU
		{C1E19744-32EB-4F42-BAA2-0DB481F08628}.Release|iPhoneSimulator.ActiveCfg = Release|Any CPU
		{C1E19744-32EB-4F42-BAA2-0DB481F08628}.Release|iPhoneSimulator.Build.0 = Release|Any CPU
		{9F16668F-DC67-4808-A3CA-077DC55C7924}.Debug|Any CPU.ActiveCfg = Debug|Any CPU
		{9F16668F-DC67-4808-A3CA-077DC55C7924}.Debug|Any CPU.Build.0 = Debug|Any CPU
		{9F16668F-DC67-4808-A3CA-077DC55C7924}.Debug|iPhone.ActiveCfg = Debug|Any CPU
		{9F16668F-DC67-4808-A3CA-077DC55C7924}.Debug|iPhone.Build.0 = Debug|Any CPU
		{9F16668F-DC67-4808-A3CA-077DC55C7924}.Debug|iPhoneSimulator.ActiveCfg = Debug|Any CPU
		{9F16668F-DC67-4808-A3CA-077DC55C7924}.Debug|iPhoneSimulator.Build.0 = Debug|Any CPU
		{9F16668F-DC67-4808-A3CA-077DC55C7924}.Release|Any CPU.ActiveCfg = Release|Any CPU
		{9F16668F-DC67-4808-A3CA-077DC55C7924}.Release|Any CPU.Build.0 = Release|Any CPU
		{9F16668F-DC67-4808-A3CA-077DC55C7924}.Release|iPhone.ActiveCfg = Release|Any CPU
		{9F16668F-DC67-4808-A3CA-077DC55C7924}.Release|iPhone.Build.0 = Release|Any CPU
		{9F16668F-DC67-4808-A3CA-077DC55C7924}.Release|iPhoneSimulator.ActiveCfg = Release|Any CPU
		{9F16668F-DC67-4808-A3CA-077DC55C7924}.Release|iPhoneSimulator.Build.0 = Release|Any CPU
		{5C48BBA1-895A-4866-8DB9-C7EEDE3EF2CA}.Debug|Any CPU.ActiveCfg = Debug|Any CPU
		{5C48BBA1-895A-4866-8DB9-C7EEDE3EF2CA}.Debug|Any CPU.Build.0 = Debug|Any CPU
		{5C48BBA1-895A-4866-8DB9-C7EEDE3EF2CA}.Debug|iPhone.ActiveCfg = Debug|Any CPU
		{5C48BBA1-895A-4866-8DB9-C7EEDE3EF2CA}.Debug|iPhone.Build.0 = Debug|Any CPU
		{5C48BBA1-895A-4866-8DB9-C7EEDE3EF2CA}.Debug|iPhoneSimulator.ActiveCfg = Debug|Any CPU
		{5C48BBA1-895A-4866-8DB9-C7EEDE3EF2CA}.Debug|iPhoneSimulator.Build.0 = Debug|Any CPU
		{5C48BBA1-895A-4866-8DB9-C7EEDE3EF2CA}.Release|Any CPU.ActiveCfg = Release|Any CPU
		{5C48BBA1-895A-4866-8DB9-C7EEDE3EF2CA}.Release|Any CPU.Build.0 = Release|Any CPU
		{5C48BBA1-895A-4866-8DB9-C7EEDE3EF2CA}.Release|iPhone.ActiveCfg = Release|Any CPU
		{5C48BBA1-895A-4866-8DB9-C7EEDE3EF2CA}.Release|iPhone.Build.0 = Release|Any CPU
		{5C48BBA1-895A-4866-8DB9-C7EEDE3EF2CA}.Release|iPhoneSimulator.ActiveCfg = Release|Any CPU
		{5C48BBA1-895A-4866-8DB9-C7EEDE3EF2CA}.Release|iPhoneSimulator.Build.0 = Release|Any CPU
		{DB341B75-6AFB-4E94-8452-D3DC7ED4A58F}.Debug|Any CPU.ActiveCfg = Debug|Any CPU
		{DB341B75-6AFB-4E94-8452-D3DC7ED4A58F}.Debug|Any CPU.Build.0 = Debug|Any CPU
		{DB341B75-6AFB-4E94-8452-D3DC7ED4A58F}.Debug|Any CPU.Deploy.0 = Debug|Any CPU
		{DB341B75-6AFB-4E94-8452-D3DC7ED4A58F}.Debug|iPhone.ActiveCfg = Debug|Any CPU
		{DB341B75-6AFB-4E94-8452-D3DC7ED4A58F}.Debug|iPhone.Build.0 = Debug|Any CPU
		{DB341B75-6AFB-4E94-8452-D3DC7ED4A58F}.Debug|iPhone.Deploy.0 = Debug|Any CPU
		{DB341B75-6AFB-4E94-8452-D3DC7ED4A58F}.Debug|iPhoneSimulator.ActiveCfg = Debug|Any CPU
		{DB341B75-6AFB-4E94-8452-D3DC7ED4A58F}.Debug|iPhoneSimulator.Build.0 = Debug|Any CPU
		{DB341B75-6AFB-4E94-8452-D3DC7ED4A58F}.Debug|iPhoneSimulator.Deploy.0 = Debug|Any CPU
		{DB341B75-6AFB-4E94-8452-D3DC7ED4A58F}.Release|Any CPU.ActiveCfg = Release|Any CPU
		{DB341B75-6AFB-4E94-8452-D3DC7ED4A58F}.Release|Any CPU.Build.0 = Release|Any CPU
		{DB341B75-6AFB-4E94-8452-D3DC7ED4A58F}.Release|Any CPU.Deploy.0 = Release|Any CPU
		{DB341B75-6AFB-4E94-8452-D3DC7ED4A58F}.Release|iPhone.ActiveCfg = Release|Any CPU
		{DB341B75-6AFB-4E94-8452-D3DC7ED4A58F}.Release|iPhone.Build.0 = Release|Any CPU
		{DB341B75-6AFB-4E94-8452-D3DC7ED4A58F}.Release|iPhone.Deploy.0 = Release|Any CPU
		{DB341B75-6AFB-4E94-8452-D3DC7ED4A58F}.Release|iPhoneSimulator.ActiveCfg = Release|Any CPU
		{DB341B75-6AFB-4E94-8452-D3DC7ED4A58F}.Release|iPhoneSimulator.Build.0 = Release|Any CPU
		{DB341B75-6AFB-4E94-8452-D3DC7ED4A58F}.Release|iPhoneSimulator.Deploy.0 = Release|Any CPU
		{B6F60AAC-BBCB-4ECC-8FEC-20340331414A}.Debug|Any CPU.ActiveCfg = Debug|iPhoneSimulator
		{B6F60AAC-BBCB-4ECC-8FEC-20340331414A}.Debug|iPhone.ActiveCfg = Debug|iPhone
		{B6F60AAC-BBCB-4ECC-8FEC-20340331414A}.Debug|iPhone.Build.0 = Debug|iPhone
		{B6F60AAC-BBCB-4ECC-8FEC-20340331414A}.Debug|iPhoneSimulator.ActiveCfg = Debug|iPhoneSimulator
		{B6F60AAC-BBCB-4ECC-8FEC-20340331414A}.Debug|iPhoneSimulator.Build.0 = Debug|iPhoneSimulator
		{B6F60AAC-BBCB-4ECC-8FEC-20340331414A}.Release|Any CPU.ActiveCfg = Release|iPhoneSimulator
		{B6F60AAC-BBCB-4ECC-8FEC-20340331414A}.Release|iPhone.ActiveCfg = Release|iPhone
		{B6F60AAC-BBCB-4ECC-8FEC-20340331414A}.Release|iPhone.Build.0 = Release|iPhone
		{B6F60AAC-BBCB-4ECC-8FEC-20340331414A}.Release|iPhoneSimulator.ActiveCfg = Release|iPhoneSimulator
		{B6F60AAC-BBCB-4ECC-8FEC-20340331414A}.Release|iPhoneSimulator.Build.0 = Release|iPhoneSimulator
		{29893DF8-E009-4F5A-A1F7-2451C67B08AD}.Debug|Any CPU.ActiveCfg = Debug|Any CPU
		{29893DF8-E009-4F5A-A1F7-2451C67B08AD}.Debug|Any CPU.Build.0 = Debug|Any CPU
		{29893DF8-E009-4F5A-A1F7-2451C67B08AD}.Debug|iPhone.ActiveCfg = Debug|Any CPU
		{29893DF8-E009-4F5A-A1F7-2451C67B08AD}.Debug|iPhone.Build.0 = Debug|Any CPU
		{29893DF8-E009-4F5A-A1F7-2451C67B08AD}.Debug|iPhoneSimulator.ActiveCfg = Debug|Any CPU
		{29893DF8-E009-4F5A-A1F7-2451C67B08AD}.Debug|iPhoneSimulator.Build.0 = Debug|Any CPU
		{29893DF8-E009-4F5A-A1F7-2451C67B08AD}.Release|Any CPU.ActiveCfg = Release|Any CPU
		{29893DF8-E009-4F5A-A1F7-2451C67B08AD}.Release|Any CPU.Build.0 = Release|Any CPU
		{29893DF8-E009-4F5A-A1F7-2451C67B08AD}.Release|iPhone.ActiveCfg = Release|Any CPU
		{29893DF8-E009-4F5A-A1F7-2451C67B08AD}.Release|iPhone.Build.0 = Release|Any CPU
		{29893DF8-E009-4F5A-A1F7-2451C67B08AD}.Release|iPhoneSimulator.ActiveCfg = Release|Any CPU
		{29893DF8-E009-4F5A-A1F7-2451C67B08AD}.Release|iPhoneSimulator.Build.0 = Release|Any CPU
		{7E276F69-26D6-48CB-AC92-E6C64AB2B47C}.Debug|Any CPU.ActiveCfg = Debug|Any CPU
		{7E276F69-26D6-48CB-AC92-E6C64AB2B47C}.Debug|Any CPU.Build.0 = Debug|Any CPU
		{7E276F69-26D6-48CB-AC92-E6C64AB2B47C}.Debug|Any CPU.Deploy.0 = Debug|Any CPU
		{7E276F69-26D6-48CB-AC92-E6C64AB2B47C}.Debug|iPhone.ActiveCfg = Debug|Any CPU
		{7E276F69-26D6-48CB-AC92-E6C64AB2B47C}.Debug|iPhone.Build.0 = Debug|Any CPU
		{7E276F69-26D6-48CB-AC92-E6C64AB2B47C}.Debug|iPhone.Deploy.0 = Debug|Any CPU
		{7E276F69-26D6-48CB-AC92-E6C64AB2B47C}.Debug|iPhoneSimulator.ActiveCfg = Debug|Any CPU
		{7E276F69-26D6-48CB-AC92-E6C64AB2B47C}.Debug|iPhoneSimulator.Build.0 = Debug|Any CPU
		{7E276F69-26D6-48CB-AC92-E6C64AB2B47C}.Debug|iPhoneSimulator.Deploy.0 = Debug|Any CPU
		{7E276F69-26D6-48CB-AC92-E6C64AB2B47C}.Release|Any CPU.ActiveCfg = Release|Any CPU
		{7E276F69-26D6-48CB-AC92-E6C64AB2B47C}.Release|Any CPU.Build.0 = Release|Any CPU
		{7E276F69-26D6-48CB-AC92-E6C64AB2B47C}.Release|Any CPU.Deploy.0 = Release|Any CPU
		{7E276F69-26D6-48CB-AC92-E6C64AB2B47C}.Release|iPhone.ActiveCfg = Release|Any CPU
		{7E276F69-26D6-48CB-AC92-E6C64AB2B47C}.Release|iPhone.Build.0 = Release|Any CPU
		{7E276F69-26D6-48CB-AC92-E6C64AB2B47C}.Release|iPhone.Deploy.0 = Release|Any CPU
		{7E276F69-26D6-48CB-AC92-E6C64AB2B47C}.Release|iPhoneSimulator.ActiveCfg = Release|Any CPU
		{7E276F69-26D6-48CB-AC92-E6C64AB2B47C}.Release|iPhoneSimulator.Build.0 = Release|Any CPU
		{7E276F69-26D6-48CB-AC92-E6C64AB2B47C}.Release|iPhoneSimulator.Deploy.0 = Release|Any CPU
		{B87115F3-B787-46B7-8D7D-C262B784999D}.Debug|Any CPU.ActiveCfg = Debug|iPhoneSimulator
		{B87115F3-B787-46B7-8D7D-C262B784999D}.Debug|iPhone.ActiveCfg = Debug|iPhone
		{B87115F3-B787-46B7-8D7D-C262B784999D}.Debug|iPhone.Build.0 = Debug|iPhone
		{B87115F3-B787-46B7-8D7D-C262B784999D}.Debug|iPhoneSimulator.ActiveCfg = Debug|iPhoneSimulator
		{B87115F3-B787-46B7-8D7D-C262B784999D}.Debug|iPhoneSimulator.Build.0 = Debug|iPhoneSimulator
		{B87115F3-B787-46B7-8D7D-C262B784999D}.Release|Any CPU.ActiveCfg = Release|iPhoneSimulator
		{B87115F3-B787-46B7-8D7D-C262B784999D}.Release|iPhone.ActiveCfg = Release|iPhone
		{B87115F3-B787-46B7-8D7D-C262B784999D}.Release|iPhone.Build.0 = Release|iPhone
		{B87115F3-B787-46B7-8D7D-C262B784999D}.Release|iPhoneSimulator.ActiveCfg = Release|iPhoneSimulator
		{B87115F3-B787-46B7-8D7D-C262B784999D}.Release|iPhoneSimulator.Build.0 = Release|iPhoneSimulator
		{1FC5A3B7-09E9-4FE2-AB98-121C6C3BFDC6}.Debug|Any CPU.ActiveCfg = Debug|Any CPU
		{1FC5A3B7-09E9-4FE2-AB98-121C6C3BFDC6}.Debug|Any CPU.Build.0 = Debug|Any CPU
		{1FC5A3B7-09E9-4FE2-AB98-121C6C3BFDC6}.Debug|iPhone.ActiveCfg = Debug|Any CPU
		{1FC5A3B7-09E9-4FE2-AB98-121C6C3BFDC6}.Debug|iPhone.Build.0 = Debug|Any CPU
		{1FC5A3B7-09E9-4FE2-AB98-121C6C3BFDC6}.Debug|iPhoneSimulator.ActiveCfg = Debug|Any CPU
		{1FC5A3B7-09E9-4FE2-AB98-121C6C3BFDC6}.Debug|iPhoneSimulator.Build.0 = Debug|Any CPU
		{1FC5A3B7-09E9-4FE2-AB98-121C6C3BFDC6}.Release|Any CPU.ActiveCfg = Release|Any CPU
		{1FC5A3B7-09E9-4FE2-AB98-121C6C3BFDC6}.Release|Any CPU.Build.0 = Release|Any CPU
		{1FC5A3B7-09E9-4FE2-AB98-121C6C3BFDC6}.Release|iPhone.ActiveCfg = Release|Any CPU
		{1FC5A3B7-09E9-4FE2-AB98-121C6C3BFDC6}.Release|iPhone.Build.0 = Release|Any CPU
		{1FC5A3B7-09E9-4FE2-AB98-121C6C3BFDC6}.Release|iPhoneSimulator.ActiveCfg = Release|Any CPU
		{1FC5A3B7-09E9-4FE2-AB98-121C6C3BFDC6}.Release|iPhoneSimulator.Build.0 = Release|Any CPU
		{39175C43-8D38-4DB0-AB05-23D911E6AD63}.Debug|Any CPU.ActiveCfg = Debug|Any CPU
		{39175C43-8D38-4DB0-AB05-23D911E6AD63}.Debug|Any CPU.Build.0 = Debug|Any CPU
		{39175C43-8D38-4DB0-AB05-23D911E6AD63}.Debug|Any CPU.Deploy.0 = Debug|Any CPU
		{39175C43-8D38-4DB0-AB05-23D911E6AD63}.Debug|iPhone.ActiveCfg = Debug|Any CPU
		{39175C43-8D38-4DB0-AB05-23D911E6AD63}.Debug|iPhone.Build.0 = Debug|Any CPU
		{39175C43-8D38-4DB0-AB05-23D911E6AD63}.Debug|iPhone.Deploy.0 = Debug|Any CPU
		{39175C43-8D38-4DB0-AB05-23D911E6AD63}.Debug|iPhoneSimulator.ActiveCfg = Debug|Any CPU
		{39175C43-8D38-4DB0-AB05-23D911E6AD63}.Debug|iPhoneSimulator.Build.0 = Debug|Any CPU
		{39175C43-8D38-4DB0-AB05-23D911E6AD63}.Debug|iPhoneSimulator.Deploy.0 = Debug|Any CPU
		{39175C43-8D38-4DB0-AB05-23D911E6AD63}.Release|Any CPU.ActiveCfg = Release|Any CPU
		{39175C43-8D38-4DB0-AB05-23D911E6AD63}.Release|Any CPU.Build.0 = Release|Any CPU
		{39175C43-8D38-4DB0-AB05-23D911E6AD63}.Release|Any CPU.Deploy.0 = Release|Any CPU
		{39175C43-8D38-4DB0-AB05-23D911E6AD63}.Release|iPhone.ActiveCfg = Release|Any CPU
		{39175C43-8D38-4DB0-AB05-23D911E6AD63}.Release|iPhone.Build.0 = Release|Any CPU
		{39175C43-8D38-4DB0-AB05-23D911E6AD63}.Release|iPhone.Deploy.0 = Release|Any CPU
		{39175C43-8D38-4DB0-AB05-23D911E6AD63}.Release|iPhoneSimulator.ActiveCfg = Release|Any CPU
		{39175C43-8D38-4DB0-AB05-23D911E6AD63}.Release|iPhoneSimulator.Build.0 = Release|Any CPU
		{39175C43-8D38-4DB0-AB05-23D911E6AD63}.Release|iPhoneSimulator.Deploy.0 = Release|Any CPU
		{7804B4F1-0D8D-42E1-872A-BB766C7D1C2B}.Debug|Any CPU.ActiveCfg = Debug|iPhoneSimulator
		{7804B4F1-0D8D-42E1-872A-BB766C7D1C2B}.Debug|iPhone.ActiveCfg = Debug|iPhone
		{7804B4F1-0D8D-42E1-872A-BB766C7D1C2B}.Debug|iPhone.Build.0 = Debug|iPhone
		{7804B4F1-0D8D-42E1-872A-BB766C7D1C2B}.Debug|iPhoneSimulator.ActiveCfg = Debug|iPhoneSimulator
		{7804B4F1-0D8D-42E1-872A-BB766C7D1C2B}.Debug|iPhoneSimulator.Build.0 = Debug|iPhoneSimulator
		{7804B4F1-0D8D-42E1-872A-BB766C7D1C2B}.Release|Any CPU.ActiveCfg = Release|iPhoneSimulator
		{7804B4F1-0D8D-42E1-872A-BB766C7D1C2B}.Release|iPhone.ActiveCfg = Release|iPhone
		{7804B4F1-0D8D-42E1-872A-BB766C7D1C2B}.Release|iPhone.Build.0 = Release|iPhone
		{7804B4F1-0D8D-42E1-872A-BB766C7D1C2B}.Release|iPhoneSimulator.ActiveCfg = Release|iPhoneSimulator
		{7804B4F1-0D8D-42E1-872A-BB766C7D1C2B}.Release|iPhoneSimulator.Build.0 = Release|iPhoneSimulator
		{9EC300CE-8A6A-499B-A1F4-39BD5D6D51C3}.Debug|Any CPU.ActiveCfg = Debug|Any CPU
		{9EC300CE-8A6A-499B-A1F4-39BD5D6D51C3}.Debug|Any CPU.Build.0 = Debug|Any CPU
		{9EC300CE-8A6A-499B-A1F4-39BD5D6D51C3}.Debug|iPhone.ActiveCfg = Debug|Any CPU
		{9EC300CE-8A6A-499B-A1F4-39BD5D6D51C3}.Debug|iPhone.Build.0 = Debug|Any CPU
		{9EC300CE-8A6A-499B-A1F4-39BD5D6D51C3}.Debug|iPhoneSimulator.ActiveCfg = Debug|Any CPU
		{9EC300CE-8A6A-499B-A1F4-39BD5D6D51C3}.Debug|iPhoneSimulator.Build.0 = Debug|Any CPU
		{9EC300CE-8A6A-499B-A1F4-39BD5D6D51C3}.Release|Any CPU.ActiveCfg = Release|Any CPU
		{9EC300CE-8A6A-499B-A1F4-39BD5D6D51C3}.Release|Any CPU.Build.0 = Release|Any CPU
		{9EC300CE-8A6A-499B-A1F4-39BD5D6D51C3}.Release|iPhone.ActiveCfg = Release|Any CPU
		{9EC300CE-8A6A-499B-A1F4-39BD5D6D51C3}.Release|iPhone.Build.0 = Release|Any CPU
		{9EC300CE-8A6A-499B-A1F4-39BD5D6D51C3}.Release|iPhoneSimulator.ActiveCfg = Release|Any CPU
		{9EC300CE-8A6A-499B-A1F4-39BD5D6D51C3}.Release|iPhoneSimulator.Build.0 = Release|Any CPU
		{86D93CEE-6BF7-45E7-9173-259D28EF82B4}.Debug|Any CPU.ActiveCfg = Debug|Any CPU
		{86D93CEE-6BF7-45E7-9173-259D28EF82B4}.Debug|Any CPU.Build.0 = Debug|Any CPU
		{86D93CEE-6BF7-45E7-9173-259D28EF82B4}.Debug|Any CPU.Deploy.0 = Debug|Any CPU
		{86D93CEE-6BF7-45E7-9173-259D28EF82B4}.Debug|iPhone.ActiveCfg = Debug|Any CPU
		{86D93CEE-6BF7-45E7-9173-259D28EF82B4}.Debug|iPhone.Build.0 = Debug|Any CPU
		{86D93CEE-6BF7-45E7-9173-259D28EF82B4}.Debug|iPhone.Deploy.0 = Debug|Any CPU
		{86D93CEE-6BF7-45E7-9173-259D28EF82B4}.Debug|iPhoneSimulator.ActiveCfg = Debug|Any CPU
		{86D93CEE-6BF7-45E7-9173-259D28EF82B4}.Debug|iPhoneSimulator.Build.0 = Debug|Any CPU
		{86D93CEE-6BF7-45E7-9173-259D28EF82B4}.Debug|iPhoneSimulator.Deploy.0 = Debug|Any CPU
		{86D93CEE-6BF7-45E7-9173-259D28EF82B4}.Release|Any CPU.ActiveCfg = Release|Any CPU
		{86D93CEE-6BF7-45E7-9173-259D28EF82B4}.Release|Any CPU.Build.0 = Release|Any CPU
		{86D93CEE-6BF7-45E7-9173-259D28EF82B4}.Release|Any CPU.Deploy.0 = Release|Any CPU
		{86D93CEE-6BF7-45E7-9173-259D28EF82B4}.Release|iPhone.ActiveCfg = Release|Any CPU
		{86D93CEE-6BF7-45E7-9173-259D28EF82B4}.Release|iPhone.Build.0 = Release|Any CPU
		{86D93CEE-6BF7-45E7-9173-259D28EF82B4}.Release|iPhone.Deploy.0 = Release|Any CPU
		{86D93CEE-6BF7-45E7-9173-259D28EF82B4}.Release|iPhoneSimulator.ActiveCfg = Release|Any CPU
		{86D93CEE-6BF7-45E7-9173-259D28EF82B4}.Release|iPhoneSimulator.Build.0 = Release|Any CPU
		{86D93CEE-6BF7-45E7-9173-259D28EF82B4}.Release|iPhoneSimulator.Deploy.0 = Release|Any CPU
		{B1EEC7CD-5DC2-4DF3-8C50-22E24135D9EC}.Debug|Any CPU.ActiveCfg = Debug|iPhoneSimulator
		{B1EEC7CD-5DC2-4DF3-8C50-22E24135D9EC}.Debug|iPhone.ActiveCfg = Debug|iPhone
		{B1EEC7CD-5DC2-4DF3-8C50-22E24135D9EC}.Debug|iPhone.Build.0 = Debug|iPhone
		{B1EEC7CD-5DC2-4DF3-8C50-22E24135D9EC}.Debug|iPhoneSimulator.ActiveCfg = Debug|iPhoneSimulator
		{B1EEC7CD-5DC2-4DF3-8C50-22E24135D9EC}.Debug|iPhoneSimulator.Build.0 = Debug|iPhoneSimulator
		{B1EEC7CD-5DC2-4DF3-8C50-22E24135D9EC}.Release|Any CPU.ActiveCfg = Release|iPhoneSimulator
		{B1EEC7CD-5DC2-4DF3-8C50-22E24135D9EC}.Release|iPhone.ActiveCfg = Release|iPhone
		{B1EEC7CD-5DC2-4DF3-8C50-22E24135D9EC}.Release|iPhone.Build.0 = Release|iPhone
		{B1EEC7CD-5DC2-4DF3-8C50-22E24135D9EC}.Release|iPhoneSimulator.ActiveCfg = Release|iPhoneSimulator
		{B1EEC7CD-5DC2-4DF3-8C50-22E24135D9EC}.Release|iPhoneSimulator.Build.0 = Release|iPhoneSimulator
		{431D0EE6-E6BF-4C83-ABE9-1E5C9C7A8071}.Debug|Any CPU.ActiveCfg = Debug|Any CPU
		{431D0EE6-E6BF-4C83-ABE9-1E5C9C7A8071}.Debug|Any CPU.Build.0 = Debug|Any CPU
		{431D0EE6-E6BF-4C83-ABE9-1E5C9C7A8071}.Debug|iPhone.ActiveCfg = Debug|Any CPU
		{431D0EE6-E6BF-4C83-ABE9-1E5C9C7A8071}.Debug|iPhone.Build.0 = Debug|Any CPU
		{431D0EE6-E6BF-4C83-ABE9-1E5C9C7A8071}.Debug|iPhoneSimulator.ActiveCfg = Debug|Any CPU
		{431D0EE6-E6BF-4C83-ABE9-1E5C9C7A8071}.Debug|iPhoneSimulator.Build.0 = Debug|Any CPU
		{431D0EE6-E6BF-4C83-ABE9-1E5C9C7A8071}.Release|Any CPU.ActiveCfg = Release|Any CPU
		{431D0EE6-E6BF-4C83-ABE9-1E5C9C7A8071}.Release|Any CPU.Build.0 = Release|Any CPU
		{431D0EE6-E6BF-4C83-ABE9-1E5C9C7A8071}.Release|iPhone.ActiveCfg = Release|Any CPU
		{431D0EE6-E6BF-4C83-ABE9-1E5C9C7A8071}.Release|iPhone.Build.0 = Release|Any CPU
		{431D0EE6-E6BF-4C83-ABE9-1E5C9C7A8071}.Release|iPhoneSimulator.ActiveCfg = Release|Any CPU
		{431D0EE6-E6BF-4C83-ABE9-1E5C9C7A8071}.Release|iPhoneSimulator.Build.0 = Release|Any CPU
		{C2D9384C-A7C5-476D-A49F-DF4053EE6BAF}.Debug|Any CPU.ActiveCfg = Debug|Any CPU
		{C2D9384C-A7C5-476D-A49F-DF4053EE6BAF}.Debug|Any CPU.Build.0 = Debug|Any CPU
		{C2D9384C-A7C5-476D-A49F-DF4053EE6BAF}.Debug|Any CPU.Deploy.0 = Debug|Any CPU
		{C2D9384C-A7C5-476D-A49F-DF4053EE6BAF}.Debug|iPhone.ActiveCfg = Debug|Any CPU
		{C2D9384C-A7C5-476D-A49F-DF4053EE6BAF}.Debug|iPhone.Build.0 = Debug|Any CPU
		{C2D9384C-A7C5-476D-A49F-DF4053EE6BAF}.Debug|iPhone.Deploy.0 = Debug|Any CPU
		{C2D9384C-A7C5-476D-A49F-DF4053EE6BAF}.Debug|iPhoneSimulator.ActiveCfg = Debug|Any CPU
		{C2D9384C-A7C5-476D-A49F-DF4053EE6BAF}.Debug|iPhoneSimulator.Build.0 = Debug|Any CPU
		{C2D9384C-A7C5-476D-A49F-DF4053EE6BAF}.Debug|iPhoneSimulator.Deploy.0 = Debug|Any CPU
		{C2D9384C-A7C5-476D-A49F-DF4053EE6BAF}.Release|Any CPU.ActiveCfg = Release|Any CPU
		{C2D9384C-A7C5-476D-A49F-DF4053EE6BAF}.Release|Any CPU.Build.0 = Release|Any CPU
		{C2D9384C-A7C5-476D-A49F-DF4053EE6BAF}.Release|Any CPU.Deploy.0 = Release|Any CPU
		{C2D9384C-A7C5-476D-A49F-DF4053EE6BAF}.Release|iPhone.ActiveCfg = Release|Any CPU
		{C2D9384C-A7C5-476D-A49F-DF4053EE6BAF}.Release|iPhone.Build.0 = Release|Any CPU
		{C2D9384C-A7C5-476D-A49F-DF4053EE6BAF}.Release|iPhone.Deploy.0 = Release|Any CPU
		{C2D9384C-A7C5-476D-A49F-DF4053EE6BAF}.Release|iPhoneSimulator.ActiveCfg = Release|Any CPU
		{C2D9384C-A7C5-476D-A49F-DF4053EE6BAF}.Release|iPhoneSimulator.Build.0 = Release|Any CPU
		{C2D9384C-A7C5-476D-A49F-DF4053EE6BAF}.Release|iPhoneSimulator.Deploy.0 = Release|Any CPU
		{51451B0A-D480-46F2-9040-A316E7BF5FEC}.Debug|Any CPU.ActiveCfg = Debug|iPhoneSimulator
		{51451B0A-D480-46F2-9040-A316E7BF5FEC}.Debug|iPhone.ActiveCfg = Debug|iPhone
		{51451B0A-D480-46F2-9040-A316E7BF5FEC}.Debug|iPhone.Build.0 = Debug|iPhone
		{51451B0A-D480-46F2-9040-A316E7BF5FEC}.Debug|iPhoneSimulator.ActiveCfg = Debug|iPhoneSimulator
		{51451B0A-D480-46F2-9040-A316E7BF5FEC}.Debug|iPhoneSimulator.Build.0 = Debug|iPhoneSimulator
		{51451B0A-D480-46F2-9040-A316E7BF5FEC}.Release|Any CPU.ActiveCfg = Release|iPhoneSimulator
		{51451B0A-D480-46F2-9040-A316E7BF5FEC}.Release|iPhone.ActiveCfg = Release|iPhone
		{51451B0A-D480-46F2-9040-A316E7BF5FEC}.Release|iPhone.Build.0 = Release|iPhone
		{51451B0A-D480-46F2-9040-A316E7BF5FEC}.Release|iPhoneSimulator.ActiveCfg = Release|iPhoneSimulator
		{51451B0A-D480-46F2-9040-A316E7BF5FEC}.Release|iPhoneSimulator.Build.0 = Release|iPhoneSimulator
		{98693CE2-77FF-406B-8FB2-B2D04F32FA2A}.Debug|Any CPU.ActiveCfg = Debug|Any CPU
		{98693CE2-77FF-406B-8FB2-B2D04F32FA2A}.Debug|Any CPU.Build.0 = Debug|Any CPU
		{98693CE2-77FF-406B-8FB2-B2D04F32FA2A}.Debug|iPhone.ActiveCfg = Debug|Any CPU
		{98693CE2-77FF-406B-8FB2-B2D04F32FA2A}.Debug|iPhone.Build.0 = Debug|Any CPU
		{98693CE2-77FF-406B-8FB2-B2D04F32FA2A}.Debug|iPhoneSimulator.ActiveCfg = Debug|Any CPU
		{98693CE2-77FF-406B-8FB2-B2D04F32FA2A}.Debug|iPhoneSimulator.Build.0 = Debug|Any CPU
		{98693CE2-77FF-406B-8FB2-B2D04F32FA2A}.Release|Any CPU.ActiveCfg = Release|Any CPU
		{98693CE2-77FF-406B-8FB2-B2D04F32FA2A}.Release|Any CPU.Build.0 = Release|Any CPU
		{98693CE2-77FF-406B-8FB2-B2D04F32FA2A}.Release|iPhone.ActiveCfg = Release|Any CPU
		{98693CE2-77FF-406B-8FB2-B2D04F32FA2A}.Release|iPhone.Build.0 = Release|Any CPU
		{98693CE2-77FF-406B-8FB2-B2D04F32FA2A}.Release|iPhoneSimulator.ActiveCfg = Release|Any CPU
		{98693CE2-77FF-406B-8FB2-B2D04F32FA2A}.Release|iPhoneSimulator.Build.0 = Release|Any CPU
		{2076D6FC-57C7-4F97-865F-FF5708B14797}.Debug|Any CPU.ActiveCfg = Debug|Any CPU
		{2076D6FC-57C7-4F97-865F-FF5708B14797}.Debug|Any CPU.Build.0 = Debug|Any CPU
		{2076D6FC-57C7-4F97-865F-FF5708B14797}.Debug|Any CPU.Deploy.0 = Debug|Any CPU
		{2076D6FC-57C7-4F97-865F-FF5708B14797}.Debug|iPhone.ActiveCfg = Debug|Any CPU
		{2076D6FC-57C7-4F97-865F-FF5708B14797}.Debug|iPhone.Build.0 = Debug|Any CPU
		{2076D6FC-57C7-4F97-865F-FF5708B14797}.Debug|iPhone.Deploy.0 = Debug|Any CPU
		{2076D6FC-57C7-4F97-865F-FF5708B14797}.Debug|iPhoneSimulator.ActiveCfg = Debug|Any CPU
		{2076D6FC-57C7-4F97-865F-FF5708B14797}.Debug|iPhoneSimulator.Build.0 = Debug|Any CPU
		{2076D6FC-57C7-4F97-865F-FF5708B14797}.Debug|iPhoneSimulator.Deploy.0 = Debug|Any CPU
		{2076D6FC-57C7-4F97-865F-FF5708B14797}.Release|Any CPU.ActiveCfg = Release|Any CPU
		{2076D6FC-57C7-4F97-865F-FF5708B14797}.Release|Any CPU.Build.0 = Release|Any CPU
		{2076D6FC-57C7-4F97-865F-FF5708B14797}.Release|Any CPU.Deploy.0 = Release|Any CPU
		{2076D6FC-57C7-4F97-865F-FF5708B14797}.Release|iPhone.ActiveCfg = Release|Any CPU
		{2076D6FC-57C7-4F97-865F-FF5708B14797}.Release|iPhone.Build.0 = Release|Any CPU
		{2076D6FC-57C7-4F97-865F-FF5708B14797}.Release|iPhone.Deploy.0 = Release|Any CPU
		{2076D6FC-57C7-4F97-865F-FF5708B14797}.Release|iPhoneSimulator.ActiveCfg = Release|Any CPU
		{2076D6FC-57C7-4F97-865F-FF5708B14797}.Release|iPhoneSimulator.Build.0 = Release|Any CPU
		{2076D6FC-57C7-4F97-865F-FF5708B14797}.Release|iPhoneSimulator.Deploy.0 = Release|Any CPU
		{8765A5F8-14B8-4E20-ADBC-16F49CD36425}.Debug|Any CPU.ActiveCfg = Debug|iPhoneSimulator
		{8765A5F8-14B8-4E20-ADBC-16F49CD36425}.Debug|iPhone.ActiveCfg = Debug|iPhone
		{8765A5F8-14B8-4E20-ADBC-16F49CD36425}.Debug|iPhone.Build.0 = Debug|iPhone
		{8765A5F8-14B8-4E20-ADBC-16F49CD36425}.Debug|iPhoneSimulator.ActiveCfg = Debug|iPhoneSimulator
		{8765A5F8-14B8-4E20-ADBC-16F49CD36425}.Debug|iPhoneSimulator.Build.0 = Debug|iPhoneSimulator
		{8765A5F8-14B8-4E20-ADBC-16F49CD36425}.Release|Any CPU.ActiveCfg = Release|iPhoneSimulator
		{8765A5F8-14B8-4E20-ADBC-16F49CD36425}.Release|iPhone.ActiveCfg = Release|iPhone
		{8765A5F8-14B8-4E20-ADBC-16F49CD36425}.Release|iPhone.Build.0 = Release|iPhone
		{8765A5F8-14B8-4E20-ADBC-16F49CD36425}.Release|iPhoneSimulator.ActiveCfg = Release|iPhoneSimulator
		{8765A5F8-14B8-4E20-ADBC-16F49CD36425}.Release|iPhoneSimulator.Build.0 = Release|iPhoneSimulator
		{1F765BEF-0570-4F92-9EA9-3B07FFCD1957}.Debug|Any CPU.ActiveCfg = Debug|Any CPU
		{1F765BEF-0570-4F92-9EA9-3B07FFCD1957}.Debug|Any CPU.Build.0 = Debug|Any CPU
		{1F765BEF-0570-4F92-9EA9-3B07FFCD1957}.Debug|iPhone.ActiveCfg = Debug|Any CPU
		{1F765BEF-0570-4F92-9EA9-3B07FFCD1957}.Debug|iPhone.Build.0 = Debug|Any CPU
		{1F765BEF-0570-4F92-9EA9-3B07FFCD1957}.Debug|iPhoneSimulator.ActiveCfg = Debug|Any CPU
		{1F765BEF-0570-4F92-9EA9-3B07FFCD1957}.Debug|iPhoneSimulator.Build.0 = Debug|Any CPU
		{1F765BEF-0570-4F92-9EA9-3B07FFCD1957}.Release|Any CPU.ActiveCfg = Release|Any CPU
		{1F765BEF-0570-4F92-9EA9-3B07FFCD1957}.Release|Any CPU.Build.0 = Release|Any CPU
		{1F765BEF-0570-4F92-9EA9-3B07FFCD1957}.Release|iPhone.ActiveCfg = Release|Any CPU
		{1F765BEF-0570-4F92-9EA9-3B07FFCD1957}.Release|iPhone.Build.0 = Release|Any CPU
		{1F765BEF-0570-4F92-9EA9-3B07FFCD1957}.Release|iPhoneSimulator.ActiveCfg = Release|Any CPU
		{1F765BEF-0570-4F92-9EA9-3B07FFCD1957}.Release|iPhoneSimulator.Build.0 = Release|Any CPU
		{DE635699-8B4A-481B-A7D5-9154D56CA5D2}.Debug|Any CPU.ActiveCfg = Debug|Any CPU
		{DE635699-8B4A-481B-A7D5-9154D56CA5D2}.Debug|Any CPU.Build.0 = Debug|Any CPU
		{DE635699-8B4A-481B-A7D5-9154D56CA5D2}.Debug|Any CPU.Deploy.0 = Debug|Any CPU
		{DE635699-8B4A-481B-A7D5-9154D56CA5D2}.Debug|iPhone.ActiveCfg = Debug|Any CPU
		{DE635699-8B4A-481B-A7D5-9154D56CA5D2}.Debug|iPhone.Build.0 = Debug|Any CPU
		{DE635699-8B4A-481B-A7D5-9154D56CA5D2}.Debug|iPhone.Deploy.0 = Debug|Any CPU
		{DE635699-8B4A-481B-A7D5-9154D56CA5D2}.Debug|iPhoneSimulator.ActiveCfg = Debug|Any CPU
		{DE635699-8B4A-481B-A7D5-9154D56CA5D2}.Debug|iPhoneSimulator.Build.0 = Debug|Any CPU
		{DE635699-8B4A-481B-A7D5-9154D56CA5D2}.Debug|iPhoneSimulator.Deploy.0 = Debug|Any CPU
		{DE635699-8B4A-481B-A7D5-9154D56CA5D2}.Release|Any CPU.ActiveCfg = Release|Any CPU
		{DE635699-8B4A-481B-A7D5-9154D56CA5D2}.Release|Any CPU.Build.0 = Release|Any CPU
		{DE635699-8B4A-481B-A7D5-9154D56CA5D2}.Release|Any CPU.Deploy.0 = Release|Any CPU
		{DE635699-8B4A-481B-A7D5-9154D56CA5D2}.Release|iPhone.ActiveCfg = Release|Any CPU
		{DE635699-8B4A-481B-A7D5-9154D56CA5D2}.Release|iPhone.Build.0 = Release|Any CPU
		{DE635699-8B4A-481B-A7D5-9154D56CA5D2}.Release|iPhone.Deploy.0 = Release|Any CPU
		{DE635699-8B4A-481B-A7D5-9154D56CA5D2}.Release|iPhoneSimulator.ActiveCfg = Release|Any CPU
		{DE635699-8B4A-481B-A7D5-9154D56CA5D2}.Release|iPhoneSimulator.Build.0 = Release|Any CPU
		{DE635699-8B4A-481B-A7D5-9154D56CA5D2}.Release|iPhoneSimulator.Deploy.0 = Release|Any CPU
		{E0977CE2-3948-4F74-B9AA-DBF2FA573D55}.Debug|Any CPU.ActiveCfg = Debug|iPhoneSimulator
		{E0977CE2-3948-4F74-B9AA-DBF2FA573D55}.Debug|iPhone.ActiveCfg = Debug|iPhone
		{E0977CE2-3948-4F74-B9AA-DBF2FA573D55}.Debug|iPhone.Build.0 = Debug|iPhone
		{E0977CE2-3948-4F74-B9AA-DBF2FA573D55}.Debug|iPhoneSimulator.ActiveCfg = Debug|iPhoneSimulator
		{E0977CE2-3948-4F74-B9AA-DBF2FA573D55}.Debug|iPhoneSimulator.Build.0 = Debug|iPhoneSimulator
		{E0977CE2-3948-4F74-B9AA-DBF2FA573D55}.Release|Any CPU.ActiveCfg = Release|iPhoneSimulator
		{E0977CE2-3948-4F74-B9AA-DBF2FA573D55}.Release|iPhone.ActiveCfg = Release|iPhone
		{E0977CE2-3948-4F74-B9AA-DBF2FA573D55}.Release|iPhone.Build.0 = Release|iPhone
		{E0977CE2-3948-4F74-B9AA-DBF2FA573D55}.Release|iPhoneSimulator.ActiveCfg = Release|iPhoneSimulator
		{E0977CE2-3948-4F74-B9AA-DBF2FA573D55}.Release|iPhoneSimulator.Build.0 = Release|iPhoneSimulator
		{053B09C3-D005-4F26-9CA0-EA1F7884F38B}.Debug|Any CPU.ActiveCfg = Debug|Any CPU
		{053B09C3-D005-4F26-9CA0-EA1F7884F38B}.Debug|Any CPU.Build.0 = Debug|Any CPU
		{053B09C3-D005-4F26-9CA0-EA1F7884F38B}.Debug|iPhone.ActiveCfg = Debug|Any CPU
		{053B09C3-D005-4F26-9CA0-EA1F7884F38B}.Debug|iPhone.Build.0 = Debug|Any CPU
		{053B09C3-D005-4F26-9CA0-EA1F7884F38B}.Debug|iPhoneSimulator.ActiveCfg = Debug|Any CPU
		{053B09C3-D005-4F26-9CA0-EA1F7884F38B}.Debug|iPhoneSimulator.Build.0 = Debug|Any CPU
		{053B09C3-D005-4F26-9CA0-EA1F7884F38B}.Release|Any CPU.ActiveCfg = Release|Any CPU
		{053B09C3-D005-4F26-9CA0-EA1F7884F38B}.Release|Any CPU.Build.0 = Release|Any CPU
		{053B09C3-D005-4F26-9CA0-EA1F7884F38B}.Release|iPhone.ActiveCfg = Release|Any CPU
		{053B09C3-D005-4F26-9CA0-EA1F7884F38B}.Release|iPhone.Build.0 = Release|Any CPU
		{053B09C3-D005-4F26-9CA0-EA1F7884F38B}.Release|iPhoneSimulator.ActiveCfg = Release|Any CPU
		{053B09C3-D005-4F26-9CA0-EA1F7884F38B}.Release|iPhoneSimulator.Build.0 = Release|Any CPU
		{0873FC18-8F56-4B7D-8A60-165D7B613795}.Debug|Any CPU.ActiveCfg = Debug|Any CPU
		{0873FC18-8F56-4B7D-8A60-165D7B613795}.Debug|Any CPU.Build.0 = Debug|Any CPU
		{0873FC18-8F56-4B7D-8A60-165D7B613795}.Debug|iPhone.ActiveCfg = Debug|Any CPU
		{0873FC18-8F56-4B7D-8A60-165D7B613795}.Debug|iPhone.Build.0 = Debug|Any CPU
		{0873FC18-8F56-4B7D-8A60-165D7B613795}.Debug|iPhoneSimulator.ActiveCfg = Debug|Any CPU
		{0873FC18-8F56-4B7D-8A60-165D7B613795}.Debug|iPhoneSimulator.Build.0 = Debug|Any CPU
		{0873FC18-8F56-4B7D-8A60-165D7B613795}.Release|Any CPU.ActiveCfg = Release|Any CPU
		{0873FC18-8F56-4B7D-8A60-165D7B613795}.Release|Any CPU.Build.0 = Release|Any CPU
		{0873FC18-8F56-4B7D-8A60-165D7B613795}.Release|iPhone.ActiveCfg = Release|Any CPU
		{0873FC18-8F56-4B7D-8A60-165D7B613795}.Release|iPhone.Build.0 = Release|Any CPU
		{0873FC18-8F56-4B7D-8A60-165D7B613795}.Release|iPhoneSimulator.ActiveCfg = Release|Any CPU
		{0873FC18-8F56-4B7D-8A60-165D7B613795}.Release|iPhoneSimulator.Build.0 = Release|Any CPU
	EndGlobalSection
	GlobalSection(SolutionProperties) = preSolution
		HideSolutionNode = FALSE
	EndGlobalSection
	GlobalSection(NestedProjects) = preSolution
		{0CB440C6-2217-45CB-83EA-E4DC019B832A} = {7A6182FE-ED1D-4FAF-AD9D-5E6702D9467A}
		{BAE7661E-0F72-4014-A906-5EBAEE8BFD4E} = {7A6182FE-ED1D-4FAF-AD9D-5E6702D9467A}
		{0556CD63-CF4E-4CD6-85F9-95AAEE348764} = {7A6182FE-ED1D-4FAF-AD9D-5E6702D9467A}
		{FBEC4460-7330-45F4-A53E-A10B25BCF6EA} = {7A6182FE-ED1D-4FAF-AD9D-5E6702D9467A}
		{F06B5F8D-2A24-4FCA-8031-F7FDFB71A385} = {0556CD63-CF4E-4CD6-85F9-95AAEE348764}
		{B74A1C53-3514-42E4-B492-1E3B58BE7EC6} = {F06B5F8D-2A24-4FCA-8031-F7FDFB71A385}
		{589557B9-6E2F-49F8-9B5A-A33BED388BC1} = {F06B5F8D-2A24-4FCA-8031-F7FDFB71A385}
		{46F46A43-699C-48A2-85DF-C7C6CC9976A5} = {F06B5F8D-2A24-4FCA-8031-F7FDFB71A385}
		{64EF81CB-3AB3-45D4-9040-F45E3A09BEB6} = {F06B5F8D-2A24-4FCA-8031-F7FDFB71A385}
		{6B6BADF8-1D85-4781-8959-4095D35C2DFC} = {0556CD63-CF4E-4CD6-85F9-95AAEE348764}
		{7DE4B350-F705-4A5E-A9A3-C27704B2B3B7} = {0556CD63-CF4E-4CD6-85F9-95AAEE348764}
		{394A964D-DC2F-47D6-809E-B1703F64FFC1} = {0556CD63-CF4E-4CD6-85F9-95AAEE348764}
		{215FB5C0-25B8-4F63-872E-6531E13C7E96} = {0556CD63-CF4E-4CD6-85F9-95AAEE348764}
		{A68D2DF4-04B3-4423-B770-5FB92AA8C36D} = {0556CD63-CF4E-4CD6-85F9-95AAEE348764}
		{C1E19744-32EB-4F42-BAA2-0DB481F08628} = {0556CD63-CF4E-4CD6-85F9-95AAEE348764}
		{9F16668F-DC67-4808-A3CA-077DC55C7924} = {0556CD63-CF4E-4CD6-85F9-95AAEE348764}
		{7F6B550B-020C-4797-84D1-B06A5AE43BEF} = {FBEC4460-7330-45F4-A53E-A10B25BCF6EA}
		{02AE6C28-FF6A-4F30-B3FE-0F947A964F59} = {FBEC4460-7330-45F4-A53E-A10B25BCF6EA}
		{7E2BA7AF-5CE3-4C70-8111-21FC1D6F30A9} = {FBEC4460-7330-45F4-A53E-A10B25BCF6EA}
		{C5FB6958-1A79-414F-8F5E-6F1756A838BB} = {FBEC4460-7330-45F4-A53E-A10B25BCF6EA}
		{05BD9DAA-6BA4-4840-96CA-C0B0EDC69B7A} = {FBEC4460-7330-45F4-A53E-A10B25BCF6EA}
		{F43373A1-EA48-448B-A45A-84ACFACDB533} = {FBEC4460-7330-45F4-A53E-A10B25BCF6EA}
		{5C48BBA1-895A-4866-8DB9-C7EEDE3EF2CA} = {7F6B550B-020C-4797-84D1-B06A5AE43BEF}
		{DB341B75-6AFB-4E94-8452-D3DC7ED4A58F} = {7F6B550B-020C-4797-84D1-B06A5AE43BEF}
		{B6F60AAC-BBCB-4ECC-8FEC-20340331414A} = {7F6B550B-020C-4797-84D1-B06A5AE43BEF}
		{29893DF8-E009-4F5A-A1F7-2451C67B08AD} = {02AE6C28-FF6A-4F30-B3FE-0F947A964F59}
		{7E276F69-26D6-48CB-AC92-E6C64AB2B47C} = {02AE6C28-FF6A-4F30-B3FE-0F947A964F59}
		{B87115F3-B787-46B7-8D7D-C262B784999D} = {02AE6C28-FF6A-4F30-B3FE-0F947A964F59}
		{1FC5A3B7-09E9-4FE2-AB98-121C6C3BFDC6} = {7E2BA7AF-5CE3-4C70-8111-21FC1D6F30A9}
		{39175C43-8D38-4DB0-AB05-23D911E6AD63} = {7E2BA7AF-5CE3-4C70-8111-21FC1D6F30A9}
		{7804B4F1-0D8D-42E1-872A-BB766C7D1C2B} = {7E2BA7AF-5CE3-4C70-8111-21FC1D6F30A9}
		{9EC300CE-8A6A-499B-A1F4-39BD5D6D51C3} = {C5FB6958-1A79-414F-8F5E-6F1756A838BB}
		{86D93CEE-6BF7-45E7-9173-259D28EF82B4} = {C5FB6958-1A79-414F-8F5E-6F1756A838BB}
		{B1EEC7CD-5DC2-4DF3-8C50-22E24135D9EC} = {C5FB6958-1A79-414F-8F5E-6F1756A838BB}
		{431D0EE6-E6BF-4C83-ABE9-1E5C9C7A8071} = {05BD9DAA-6BA4-4840-96CA-C0B0EDC69B7A}
		{C2D9384C-A7C5-476D-A49F-DF4053EE6BAF} = {05BD9DAA-6BA4-4840-96CA-C0B0EDC69B7A}
		{51451B0A-D480-46F2-9040-A316E7BF5FEC} = {05BD9DAA-6BA4-4840-96CA-C0B0EDC69B7A}
		{98693CE2-77FF-406B-8FB2-B2D04F32FA2A} = {F43373A1-EA48-448B-A45A-84ACFACDB533}
		{2076D6FC-57C7-4F97-865F-FF5708B14797} = {F43373A1-EA48-448B-A45A-84ACFACDB533}
		{8765A5F8-14B8-4E20-ADBC-16F49CD36425} = {F43373A1-EA48-448B-A45A-84ACFACDB533}
		{9D0CA914-1FBD-4DEE-B88C-D0A74524678F} = {FBEC4460-7330-45F4-A53E-A10B25BCF6EA}
		{1F765BEF-0570-4F92-9EA9-3B07FFCD1957} = {9D0CA914-1FBD-4DEE-B88C-D0A74524678F}
		{DE635699-8B4A-481B-A7D5-9154D56CA5D2} = {9D0CA914-1FBD-4DEE-B88C-D0A74524678F}
		{E0977CE2-3948-4F74-B9AA-DBF2FA573D55} = {9D0CA914-1FBD-4DEE-B88C-D0A74524678F}
		{053B09C3-D005-4F26-9CA0-EA1F7884F38B} = {0CB440C6-2217-45CB-83EA-E4DC019B832A}
		{0873FC18-8F56-4B7D-8A60-165D7B613795} = {0556CD63-CF4E-4CD6-85F9-95AAEE348764}
	EndGlobalSection
	GlobalSection(ExtensibilityGlobals) = postSolution
		SolutionGuid = {8EBB06FF-53DB-4F08-9DE3-353E75D845FA}
	EndGlobalSection
EndGlobal
